{
  "name": "receiving-journey",
  "version": "0.0.0",
  "lockfileVersion": 3,
  "requires": true,
  "packages": {
    "": {
      "name": "receiving-journey",
      "version": "0.0.0",
      "dependencies": {
        "react": "^18.2.0",
        "react-dom": "^18.2.0"
      },
      "devDependencies": {
        "@types/react": "^18.3.2",
        "@types/react-dom": "^18.3.0",
        "@vitejs/plugin-react": "^4.3.0",
        "typescript": "^5.4.5",
        "vite": "^5.2.11"
      }
    },
    "node_modules/@ampproject/remapping": {
      "version": "2.3.0",
      "resolved": "https://registry.npmjs.org/@ampproject/remapping/-/remapping-2.3.0.tgz",
      "integrity": "sha512-30iZt8855+pY2i/nWaBvMEv6hN0oCWxfAz19wTjnpIpJ2r+wvt91fJNWxMzGZt1i8d2C13uP1y+j2k6zP4C3sg==",
      "dev": true,
      "dependencies": {
        "@jridgewell/gen-mapping": "^0.3.5",
        "@jridgewell/trace-mapping": "^0.3.25"
      },
      "engines": {
        "node": ">=6.0.0"
      }
    },
    "node_modules/@babel/code-frame": {
      "version": "7.24.2",
      "resolved": "https://registry.npmjs.org/@babel/code-frame/-/code-frame-7.24.2.tgz",
      "integrity": "sha512-TeP41mT42sv1fB4eBO0ORi9jV/iB43f82py8cCR3Ym20PohpckG5Po2dGcrcMhXePZ2MmM+Z2pA5hpxJp3hKJA==",
      "dev": true,
      "dependencies": {
        "@babel/highlight": "^7.24.1",
        "picocolors": "^1.0.0"
      },
      "engines": {
        "node": ">=6.9.0"
      }
    },
    "node_modules/@babel/compat-data": {
      "version": "7.24.4",
      "resolved": "https://registry.npmjs.org/@babel/compat-data/-/compat-data-7.24.4.tgz",
      "integrity": "sha512-J7mIhtJAqXkKmoY4532uHaaSCe2/e2AGjJANf4V+KJdjsosYQCXrg2g5EXbS4lZAN/4k3s85BEy2i9ciN1I7gA==",
      "dev": true,
      "engines": {
        "node": ">=6.9.0"
      }
    },
    "node_modules/@babel/core": {
      "version": "7.24.5",
      "resolved": "https://registry.npmjs.org/@babel/core/-/core-7.24.5.tgz",
      "integrity": "sha512-n6j2eLisfFv7d/3hUKDqP/p02uBCTKM4kSINSmf37jJ5Y2pa8G4dC7mY1vDmfq/sKPSf4a2d4s5sYg4c3vI6gQ==",
      "dev": true,
      "dependencies": {
        "@ampproject/remapping": "^2.3.0",
        "@babel/code-frame": "^7.24.2",
        "@babel/generator": "^7.24.5",
        "@babel/helper-compilation-targets": "^7.23.6",
        "@babel/helper-module-transforms": "^7.24.5",
        "@babel/helpers": "^7.24.5",
        "@babel/parser": "^7.24.5",
        "@babel/template": "^7.24.0",
        "@babel/traverse": "^7.24.5",
        "@babel/types": "^7.24.5",
        "convert-source-map": "^2.0.0",
        "gensync": "^1.0.0-beta.2",
        "json5": "^2.2.3",
        "semver": "^6.3.1"
      },
      "engines": {
        "node": ">=6.9.0"
      },
      "funding": {
        "type": "opencollective",
        "url": "https://opencollective.com/babel"
      }
    },
    "node_modules/@babel/generator": {
      "version": "7.24.5",
      "resolved": "https://registry.npmjs.org/@babel/generator/-/generator-7.24.5.tgz",
      "integrity": "sha512-5f6iE0OlscTSzT2XEdvxiBqQd3dF46oN72p12WBSl/pTlfy2Pzda/DB8P3y4V8k34puq3y456v2aQWF1T1prYA==",
      "dev": true,
      "dependencies": {
        "@babel/types": "^7.24.5",
        "@jridgewell/gen-mapping": "^0.3.5",
        "jsesc": "^2.5.1"
      },
      "engines": {
        "node": ">=6.9.0"
      }
    },
    "node_modules/@babel/helper-compilation-targets": {
      "version": "7.23.6",
      "resolved": "https://registry.npmjs.org/@babel/helper-compilation-targets/-/helper-compilation-targets-7.23.6.tgz",
      "integrity": "sha512-9F9NUYd1da2PlzKpf22Ld3Lw9o12S3wJp52StwSnnf3sXk2Q2i4s2PLaY+DFVRf65CgSyPzLgK9GK9cT1iJ2Pw==",
      "dev": true,
      "dependencies": {
        "@babel/compat-data": "^7.23.5",
        "@babel/helper-validator-option": "^7.23.5",
        "browserslist": "^4.22.1",
        "semver": "^6.3.1"
      },
      "engines": {
        "node": ">=6.9.0"
      },
      "peerDependencies": {
        "@babel/core": "^7.0.0"
      }
    },
    "node_modules/@babel/helper-environment-visitor": {
      "version": "7.22.20",
      "resolved": "https://registry.npmjs.org/@babel/helper-environment-visitor/-/helper-environment-visitor-7.22.20.tgz",
      "integrity": "sha512-zfed1mEaF132vNyxI2d2Qvg8i8sAg7dlE5/y06p5el4iGNyQTb7iGZNb2cOD947wBdNaOChf2g0c1zxdj+l3tw==",
      "dev": true,
      "engines": {
        "node": ">=6.9.0"
      }
    },
    "node_modules/@babel/helper-function-name": {
      "version": "7.24.1",
      "resolved": "https://registry.npmjs.org/@babel/helper-function-name/-/helper-function-name-7.24.1.tgz",
      "integrity": "sha512-a7Dxz8YtU/zP7Q8u/5Ld2Mh1L53m2PGxIUohkPAsb2CxB26w0EaY+j5jC2tZ8Dq5w/OjwkLRIUMgM2vN6s2/yw==",
      "dev": true,
      "dependencies": {
        "@babel/template": "^7.24.0",
        "@babel/types": "^7.24.0"
      },
      "engines": {
        "node": ">=6.9.0"
      }
    },
    "node_modules/@babel/helper-hoist-variables": {
      "version": "7.22.5",
      "resolved": "https://registry.npmjs.org/@babel/helper-hoist-variables/-/helper-hoist-variables-7.22.5.tgz",
      "integrity": "sha512-wG3g95dD2p2rt8lfOXS3nS7T5eL5fB7M8vT/j3GT22Z3Aoto84n5KPNWTkLSoEMsC3oafg2A9Cj4K42z4UN1GA==",
      "dev": true,
      "dependencies": {
        "@babel/types": "^7.22.5"
      },
      "engines": {
        "node": ">=6.9.0"
      }
    },
    "node_modules/@babel/helper-module-imports": {
      "version": "7.24.1",
      "resolved": "https://registry.npmjs.org/@babel/helper-module-imports/-/helper-module-imports-7.24.1.tgz",
      "integrity": "sha512-z7sCxlXm5Fyk5ZJ2FSjB/41/Aj6hVxaKioeSjA/D9Uwl/h2lM29zGjGfDNl7hU4LNVc3Qj/41yM8aA2V2MRfmg==",
      "dev": true,
      "dependencies": {
        "@babel/types": "^7.24.0"
      },
      "engines": {
        "node": ">=6.9.0"
      }
    },
    "node_modules/@babel/helper-module-transforms": {
      "version": "7.24.5",
      "resolved": "https://registry.npmjs.org/@babel/helper-module-transforms/-/helper-module-transforms-7.24.5.tgz",
      "integrity": "sha512-M/e5a4/E5/LPj5i1l/PhDNIKs+Yt/B9Td7p3tM6yB8W/kEYeK8Lq5nHY07+hYgP05Vz7nLyf2GzTzXQDkLhsw==",
      "dev": true,
      "dependencies": {
        "@babel/helper-environment-visitor": "^7.22.20",
        "@babel/helper-module-imports": "^7.24.1",
        "@babel/helper-simple-access": "^7.24.1",
        "@babel/helper-split-export-declaration": "^7.24.1",
        "@babel/helper-validator-identifier": "^7.24.1",
        "@babel/template": "^7.24.0",
        "@babel/traverse": "^7.24.5",
        "@babel/types": "^7.24.5"
      },
      "engines": {
        "node": ">=6.9.0"
      },
      "peerDependencies": {
        "@babel/core": "^7.0.0"
      }
    },
    "node_modules/@babel/helper-plugin-utils": {
      "version": "7.24.0",
      "resolved": "https://registry.npmjs.org/@babel/helper-plugin-utils/-/helper-plugin-utils-7.24.0.tgz",
      "integrity": "sha512-Oa+kGMyN83DfnP22Yqm1iwn9D77A23TDV+OKLY2QyEx5BCs/gXj3GZ8sN6gnVlSdUJjD/g0lQ5t2F2PPUb2gZA==",
      "dev": true,
      "engines": {
        "node": ">=6.9.0"
      }
    },
    "node_modules/@babel/helper-simple-access": {
      "version": "7.24.1",
      "resolved": "https://registry.npmjs.org/@babel/helper-simple-access/-/helper-simple-access-7.24.1.tgz",
      "integrity": "sha512-M20Vp4rC2n2hgMCb4zW3Z3lqHY+tEYI1c9O1kQ+b5AVc7xJtpkG5aW44hE29jZe4/p5T/fCqhdg49E4r2g+A==",
      "dev": true,
      "dependencies": {
        "@babel/types": "^7.24.0"
      },
      "engines": {
        "node": ">=6.9.0"
      }
    },
    "node_modules/@babel/helper-split-export-declaration": {
      "version": "7.24.1",
      "resolved": "https://registry.npmjs.org/@babel/helper-split-export-declaration/-/helper-split-export-declaration-7.24.1.tgz",
      "integrity": "sha512-22T/2k4gX2vy5nQ4p5/2w7rB8pl/1sQ5eR6PfnY8cGJxKL3bCgNuiP3v/M4A77eB2APIXvLSWJ2j/g7l7Vj0MQ==",
      "dev": true,
      "dependencies": {
        "@babel/types": "^7.24.0"
      },
      "engines": {
        "node": ">=6.9.0"
      }
    },
    "node_modules/@babel/helper-validator-identifier": {
      "version": "7.24.1",
      "resolved": "https://registry.npmjs.org/@babel/helper-validator-identifier/-/helper-validator-identifier-7.24.1.tgz",
      "integrity": "sha512-pXS3bTwTaCUfom9jDWTKxBr3Ck5j2ZNt45t05P00/zEqjTOCsTSSiI1oNYm2D0o2S61haV4IuIE++2oK8t/3IA==",
      "dev": true,
      "engines": {
        "node": ">=6.9.0"
      }
    },
    "node_modules/@babel/helper-validator-option": {
      "version": "7.23.5",
      "resolved": "https://registry.npmjs.org/@babel/helper-validator-option/-/helper-validator-option-7.23.5.tgz",
      "integrity": "sha512-wNAz5o32I4AU+80i3e3e0E4/iQvW/He5N/I0Ggzs2a1v1nK2/ggsowd/bA6iL2y3iU1v9gdWQgZ5L2/8c5vjA==",
      "dev": true,
      "engines": {
        "node": ">=6.9.0"
      }
    },
    "node_modules/@babel/helpers": {
      "version": "7.24.5",
      "resolved": "https://registry.npmjs.org/@babel/helpers/-/helpers-7.24.5.tgz",
      "integrity": "sha512-/d9L34hKatB29aY0QOdTr/dG2YxJ/eNgQ7e/uAQ5e1nDEhYLKVCx9r5VRe3A6h8K52wM4p9jj3/N5F482d9/JA==",
      "dev": true,
      "dependencies": {
        "@babel/template": "^7.24.0",
        "@babel/traverse": "^7.24.5",
        "@babel/types": "^7.24.5"
      },
      "engines": {
        "node": ">=6.9.0"
      }
    },
    "node_modules/@babel/highlight": {
      "version": "7.24.1",
      "resolved": "https://registry.npmjs.org/@babel/highlight/-/highlight-7.24.1.tgz",
      "integrity": "sha512-lRO+sE4424gNgoPtvO2iS31r/azA0k82p7/g3tWf/mfEDbEdxzNb3oMUaPZ53QhrbCILrc5Rbhw6gofk5b9Taw==",
      "dev": true,
      "dependencies": {
        "@babel/helper-validator-identifier": "^7.24.1",
        "chalk": "^2.4.2",
        "js-tokens": "^4.0.0",
        "picocolors": "^1.0.0"
      },
      "engines": {
        "node": ">=6.9.0"
      }
    },
    "node_modules/@babel/parser": {
      "version": "7.24.5",
      "resolved": "https://registry.npmjs.org/@babel/parser/-/parser-7.24.5.tgz",
      "integrity": "sha512-oRpBERhCtO223Te2YxM5bft2PEK6PCyWyBU68kZJxMFrb3bmo+K1exNOtrT1gN5jUaJdhCRu8b2p5VvWf5QjLQ==",
      "dev": true,
      "bin": {
        "parser": "bin/babel-parser.js"
      },
      "engines": {
        "node": ">=6.0.0"
      }
    },
    "node_modules/@babel/plugin-transform-react-jsx-self": {
      "version": "7.24.1",
      "resolved": "https://registry.npmjs.org/@babel/plugin-transform-react-jsx-self/-/plugin-transform-react-jsx-self-7.24.1.tgz",
      "integrity": "sha512-0E1Icz7oX3/mEkwzId+2sPlGDIaH3YwE5GKrGUY+oOqXp1cGVfG2y2fQN41B/C+2Lg3xYofC/wWnLzVv0dOUaA==",
      "dev": true,
      "dependencies": {
        "@babel/helper-plugin-utils": "^7.24.0"
      },
      "engines": {
        "node": ">=6.9.0"
      },
      "peerDependencies": {
        "@babel/core": "^7.0.0-0"
      }
    },
    "node_modules/@babel/plugin-transform-react-jsx-source": {
      "version": "7.24.1",
      "resolved": "https://registry.npmjs.org/@babel/plugin-transform-react-jsx-source/-/plugin-transform-react-jsx-source-7.24.1.tgz",
      "integrity": "sha512-7lWpKIpWl/eRrwbpC0kRdljiZ0pD7w+M/5v/m95A59sKd30bFjMcxVyASsLkTQJc2h76wG4j40g58/sN/aY2sg==",
      "dev": true,
      "dependencies": {
        "@babel/helper-plugin-utils": "^7.24.0"
      },
      "engines": {
        "node": ">=6.9.0"
      },
      "peerDependencies": {
        "@babel/core": "^7.0.0-0"
      }
    },
    "node_modules/@babel/template": {
      "version": "7.24.0",
      "resolved": "https://registry.npmjs.org/@babel/template/-/template-7.24.0.tgz",
      "integrity": "sha512-T5I4YfK6UAmg9T3dYV8Yw4z1Y3G66gBv2GjP/p1x7gQ24K2L762bPAoUUgWp20ePzI1YssVH8DG2lFQ==",
      "dev": true,
      "dependencies": {
        "@babel/code-frame": "^7.23.5",
        "@babel/parser": "^7.24.0",
        "@babel/types": "^7.24.0"
      },
      "engines": {
        "node": ">=6.9.0"
      }
    },
    "node_modules/@babel/traverse": {
      "version": "7.24.5",
      "resolved": "https://registry.npmjs.org/@babel/traverse/-/traverse-7.24.5.tgz",
      "integrity": "sha512-kI125s91kHU025eNo0aCRbBlpQ2zke3sSKbuIsVmdvP6tDq+12V0S82b4QO4JIXW9W3i8hNNA/6YlVdpVn2tjw==",
      "dev": true,
      "dependencies": {
        "@babel/code-frame": "^7.24.2",
        "@babel/generator": "^7.24.5",
        "@babel/helper-environment-visitor": "^7.22.20",
        "@babel/helper-function-name": "^7.24.1",
        "@babel/helper-hoist-variables": "^7.22.5",
        "@babel/helper-split-export-declaration": "^7.24.1",
        "@babel/parser": "^7.24.5",
        "@babel/types": "^7.24.5",
        "debug": "^4.3.4",
        "globals": "^11.12.0"
      },
      "engines": {
        "node": ">=6.9.0"
      }
    },
    "node_modules/@babel/types": {
      "version": "7.24.5",
      "resolved": "https://registry.npmjs.org/@babel/types/-/types-7.24.5.tgz",
      "integrity": "sha512-6VgCXfIeA29ILHi8Ie0x25D9l99tUCdqU/vCg/jt5d3xXQoN0fF6hPjQe7VfKZd8XuXFy2gWfA/8z9Z24Iq+3w==",
      "dev": true,
      "dependencies": {
        "@babel/helper-validator-identifier": "^7.24.1",
        "to-fast-properties": "^2.0.0"
      },
      "engines": {
        "node": ">=6.9.0"
      }
    },
    "node_modules/@jridgewell/gen-mapping": {
      "version": "0.3.5",
      "resolved": "https://registry.npmjs.org/@jridgewell/gen-mapping/-/gen-mapping-0.3.5.tgz",
      "integrity": "sha512-IzL8+3lDNMEUnPqYy2o20N6P2MW/3w64P6uB/32Nda1T8SjlcchmYVbHFigKxQmLsLE31Tdpv5s/p6Qpxa2N3Q==",
      "dev": true,
      "dependencies": {
        "@jridgewell/set-array": "^1.2.1",
        "@jridgewell/sourcemap-codec": "^1.4.15",
        "@jridgewell/trace-mapping": "^0.3.25"
      },
      "engines": {
        "node": ">=6.0.0"
      }
    },
    "node_modules/@jridgewell/resolve-uri": {
      "version": "3.1.2",
      "resolved": "https://registry.npmjs.org/@jridgewell/resolve-uri/-/resolve-uri-3.1.2.tgz",
      "integrity": "sha512-b2NAlHeH41DP5z1w3b43K6c9AG4gGj6i1E4XAv0vxSo2dDMM+An6/pYpAKPVLTtWdG7UjohTsyvL9r135T9sAg==",
      "dev": true,
      "engines": {
        "node": ">=6.0.0"
      }
    },
    "node_modules/@jridgewell/set-array": {
      "version": "1.2.1",
      "resolved": "https://registry.npmjs.org/@jridgewell/set-array/-/set-array-1.2.1.tgz",
      "integrity": "sha512-EHbL62y3i+5R4dJjdv2sSVrGkNB4DTSP8T62o12sJzW5vQam1ao2kF/7P23WBdqkK3bVwsGFy5M3ewK7Kx0wZA==",
      "dev": true,
      "engines": {
        "node": ">=6.0.0"
      }
    },
    "node_modules/@jridgewell/sourcemap-codec": {
      "version": "1.4.15",
      "resolved": "https://registry.npmjs.org/@jridgewell/sourcemap-codec/-/sourcemap-codec-1.4.15.tgz",
      "integrity": "sha512-eF2rCR0VjUoByw2+iWtndEBfNMLj/aNFcvbBZu99Qo3qQOAeWabgTzT62iS2uAZ1LBBs4S9f9SYEOwJGce5s9w==",
      "dev": true
    },
    "node_modules/@jridgewell/trace-mapping": {
      "version": "0.3.25",
      "resolved": "https://registry.npmjs.org/@jridgewell/trace-mapping/-/trace-mapping-0.3.25.tgz",
      "integrity": "sha512-vNk6012d9gi3VTQLS6EZecMm73s30QkdejMA6s3p2iF9CNsBGf9fqeGu5c4AnNcfh2r5zD14AJ51s34nAFfT5A==",
      "dev": true,
      "dependencies": {
        "@jridgewell/resolve-uri": "^3.1.2",
        "@jridgewell/sourcemap-codec": "^1.4.15"
      }
    },
    "node_modules/@types/prop-types": {
      "version": "15.7.12",
      "resolved": "https://registry.npmjs.org/@types/prop-types/-/prop-types-15.7.12.tgz",
      "integrity": "sha512-5zvhXYS3icfNlvGdjvR/3K3oRz budgeted/hp0d3jp8269542nSce2i3dJcS7g1sLp3sI7p9zB4E0ePST8e4T5aR2w==",
      "dev": true
    },
    "node_modules/@types/react": {
      "version": "18.3.2",
      "resolved": "https://registry.npmjs.org/@types/react/-/react-18.3.2.tgz",
      "integrity": "sha512-V0kuY4d/l2oh3c1L2xg9TvmP3L4u9LObi22j1uP0n51qS1sGMnHUYWn5Q38T36+j1x/jrg/L2PTh/o7r0X//kw==",
      "dev": true,
      "dependencies": {
        "@types/prop-types": "*",
        "csstype": "^3.0.2"
      }
    },
    "node_modules/@types/react-dom": {
      "version": "18.3.0",
      "resolved": "https://registry.npmjs.org/@types/react-dom/-/react-dom-18.3.0.tgz",
      "integrity": "sha512-Ehw1W8h438RbVSD2Qrk3m3jST0xR/9/t4a1x/yDW51M+2m70AbvE6/vP3G1O/rJqSDNdrE2v+sEu3k+Nq3t7A==",
      "dev": true,
      "dependencies": {
        "@types/react": "*"
      }
    },
    "node_modules/@vitejs/plugin-react": {
      "version": "4.3.0",
      "resolved": "https://registry.npmjs.org/@vitejs/plugin-react/-/plugin-react-4.3.0.tgz",
      "integrity": "sha512-Y4g2a34/f2L1Y/S9N4qKxL9P07SFF3s2lGgAeqo3y+6T5a8/4IuSti6HqfRzI0LVnU4h4aG03V3/u+z8iQ11Q==",
      "dev": true,
      "dependencies": {
        "@babel/core": "^7.24.0",
        "@babel/plugin-transform-react-jsx-self": "^7.24.1",
        "@babel/plugin-transform-react-jsx-source": "^7.24.1",
        "acorn-jsx": "^5.3.2"
      },
      "peerDependencies": {
        "vite": "^4.2.0 || ^5.0.0"
      }
    },
    "node_modules/acorn": {
      "version": "8.11.3",
      "resolved": "https://registry.npmjs.org/acorn/-/acorn-8.11.3.tgz",
      "integrity": "sha512-dssXVgyT0HQ9I4eE8nbNWi1pP3y5sF26N20R+3K52W7h2U6AAEy30Qv4t3hmgAUi2Q83T63g4r26Ibh0RMsbOw==",
      "dev": true,
      "bin": {
        "acorn": "bin/acorn"
      },
      "engines": {
        "node": ">=0.4.0"
      }
    },
    "node_modules/acorn-jsx": {
      "version": "5.3.2",
      "resolved": "https://registry.npmjs.org/acorn-jsx/-/acorn-jsx-5.3.2.tgz",
      "integrity": "sha512-rq9s+JASXfAsFw6s5M7S2P201i4i/e4iA2gU/pRV/q9tqKi9zIWKmrCeMv2vjmuG1XPOlV3v9Ka3c3P/xQoARA==",
      "dev": true,
      "peerDependencies": {
        "acorn": "^6.0.0 || ^7.0.0 || ^8.0.0"
      }
    },
    "node_modules/ansi-styles": {
      "version": "3.2.1",
      "resolved": "https://registry.npmjs.org/ansi-styles/-/ansi-styles-3.2.1.tgz",
      "integrity": "sha512-VT0ZI6kZRdTh8YyJw3SMbYm/u+NqfsAxEpWO0PfL48kFXhDUN3j59w0ewd5fsKA2LVMl6g3EioHor5l6lIZs3A==",
      "dev": true,
      "dependencies": {
        "color-convert": "^1.9.0"
      },
      "engines": {
        "node": ">=4"
      }
    },
    "node_modules/browserslist": {
      "version": "4.23.0",
      "resolved": "https://registry.npmjs.org/browserslist/-/browserslist-4.23.0.tgz",
      "integrity": "sha512-v4U3/+tu3f2pa/brM80e4F9p9enQL7E/n2lVFg+sYjB/KI3I0/2VzZ/h/6dD2TQSbT1YOLD4xY61G2aGf6fsrg==",
      "dev": true,
      "funding": [
        {
          "type": "opencollective",
          "url": "https://opencollective.com/browserslist"
        },
        {
          "type": "tidelift",
          "url": "https://tidelift.com/subscription/pkg/npm-browserslist"
        },
        {
          "type": "github",
          "url": "https://github.com/sponsors/ai"
        }
      ],
      "dependencies": {
        "caniuse-lite": "^1.0.30001591",
        "electron-to-chromium": "^1.4.717",
        "node-releases": "^2.0.14",
        "update-browserslist-db": "^1.0.13"
      },
      "bin": {
        "browserslist": "cli.js"
      },
      "engines": {
        "node": "^6 || ^7 || ^8 || ^9 || ^10 || ^11 || ^12 || >=13.7"
      }
    },
    "node_modules/caniuse-lite": {
      "version": "1.0.30001614",
      "resolved": "https://registry.npmjs.org/caniuse-lite/-/caniuse-lite-1.0.30001614.tgz",
      "integrity": "sha512-3ASf5L2wGhy3kLgOl26QiY2X+k1i5k5NBQTrka4rl2g3x32LOr3M1xsoXb/cPIX5vI34vEz/Sjw+KN9e5/49Sw==",
      "dev": true,
      "funding": [
        {
          "type": "opencollective",
          "url": "https://opencollective.com/browserslist"
        },
        {
          "type": "tidelift",
          "url": "https://tidelift.com/subscription/pkg/npm-caniuse-lite"
        }
      ]
    },
    "node_modules/chalk": {
      "version": "2.4.2",
      "resolved": "https://registry.npmjs.org/chalk/-/chalk-2.4.2.tgz",
      "integrity": "sha512-Mti+f9lpJNcwF4tWV8/OrTTtF1gZi+f8FqlyMXrevOtEK3UTigEWSOwq8sc1/A8CAdzD5VthpNSAHrJ+HUe9vg==",
      "dev": true,
      "dependencies": {
        "ansi-styles": "^3.2.1",
        "escape-string-regexp": "^1.0.5",
        "supports-color": "^5.3.0"
      },
      "engines": {
        "node": ">=4"
      }
    },
    "node_modules/color-convert": {
      "version": "1.9.3",
      "resolved": "https://registry.npmjs.org/color-convert/-/color-convert-1.9.3.tgz",
      "integrity": "sha512-QfAUtd+vFdAtFQhgtKw2NPT3GU4esQ2AaNs2L+HaHrOzKLDvE3WkgGBsvQLMbOo7PQPgwQDbSSjqL2wMmg+Ngg==",
      "dev": true,
      "dependencies": {
        "color-name": "1.1.3"
      }
    },
    "node_modules/color-name": {
      "version": "1.1.3",
      "resolved": "https://registry.npmjs.org/color-name/-/color-name-1.1.3.tgz",
      "integrity": "sha512-72fSenhMw2ACoSW5vdFWGuwJXIsiPp8SSUWdt__pRrCreqBJQyYIrmvxhXvKabNcFKOwVB8CCuCmKj+9pbOlMw==",
      "dev": true
    },
    "node_modules/convert-source-map": {
      "version": "2.0.0",
      "resolved": "https://registry.npmjs.org/convert-source-map/-/convert-source-map-2.0.0.tgz",
      "integrity": "sha512-KvpKQa222k3G3gvHdcGGBI/52+31QdD/gG/jCSK2pEgbdeu98Uh5x322iU9LTTbsoi+2vH95DGhJ/t18TCSgOQ==",
      "dev": true,
      "engines": {
        "node": ">=10.13.0"
      }
    },
    "node_modules/csstype": {
      "version": "3.1.3",
      "resolved": "https://registry.npmjs.org/csstype/-/csstype-3.1.3.tgz",
      "integrity": "sha512-M1uQkMl8r3FEjYbie8Q9A6WToscC+tA9SRf10xANe/1QTBjvA4bbA7p44TMXSO1tlu4voaVEMLT8X7PS97I54g==",
      "dev": true
    },
    "node_modules/debug": {
      "version": "4.3.4",
      "resolved": "https://registry.npmjs.org/debug/-/debug-4.3.4.tgz",
      "integrity": "sha512-colDIMcvSUNuEgfEjeA9+2e8TqK10kziPzJ/u1eL0V5n22vJPCR2wNKLX2vLzIiFvbPplbCVC7vaYpLpe7I2cw==",
      "dev": true,
      "dependencies": {
        "ms": "2.1.2"
      },
      "engines": {
        "node": ">=6.0"
      },
      "peerDependenciesMeta": {
        "supports-color": {
          "optional": true
        }
      }
    },
    "node_modules/electron-to-chromium": {
      "version": "1.4.784",
      "resolved": "https://registry.npmjs.org/electron-to-chromium/-/electron-to-chromium-1.4.784.tgz",
      "integrity": "sha512-L2G/3nZk2xJGX2/d27t5w/0rBklgT9a0N9GjT/IeG255GuK+r5QW0JzJbC8eQ2D3u/rY5w0jQy8hGVw==",
      "dev": true
    },
    "node_modules/es-module-lexer": {
      "version": "1.5.2",
      "resolved": "https://registry.npmjs.org/es-module-lexer/-/es-module-lexer-1.5.2.tgz",
      "integrity": "sha512-5PzUNyZNzHml1K4Pyb8fURYr6l2tT+5B+4e2rkGvG8n5Zg503sgPjW2xP8eEQCgV45cN99c15y2ul4o+5U2Dw==",
      "dev": true
    },
    "node_modules/escape-string-regexp": {
      "version": "1.0.5",
      "resolved": "https://registry.npmjs.org/escape-string-regexp/-/escape-string-regexp-1.0.5.tgz",
      "integrity": "sha512-vbRorB5FUQWvLupGag29/AuTCHq9f2QgAJiWcBE7QSM7NGjB2pTWybk/bO0OhKAbo1oGouB2q2iyhYVzVgoGvA==",
      "dev": true,
      "engines": {
        "node": ">=0.8.0"
      }
    },
    "node_modules/fsevents": {
      "version": "2.3.3",
      "resolved": "https://registry.npmjs.org/fsevents/-/fsevents-2.3.3.tgz",
      "integrity": "sha512-5rrqanwR3w4W6oo4of5LEEJbKzKx2Y681pdDEAU1GGo+aR2nCjL1zbpPISJ02k6g6eBmtCJlQp/Izt3h4nS63Q==",
      "dev": true,
      "hasInstallScript": true,
      "optional": true,
      "os": [
        "darwin"
      ],
      "engines": {
        "node": "^8.16.0 || ^10.6.0 || >=11.0.0"
      }
    },
    "node_modules/gensync": {
      "version": "1.0.0-beta.2",
      "resolved": "https://registry.npmjs.org/gensync/-/gensync-1.0.0-beta.2.tgz",
      "integrity": "sha512-3hN7NaskYvMDYoW2uba1e0IUk1e01dxBwCxVUTTxFe8goid/EIB6e1iXAC4P76AhIEeAceHTyB4xhb2hPS1HnQ==",
      "dev": true,
      "engines": {
        "node": ">=6.9.0"
      }
    },
    "node_modules/globals": {
      "version": "11.12.0",
      "resolved": "https://registry.npmjs.org/globals/-/globals-11.12.0.tgz",
      "integrity": "sha512-WOBp/EEGUiIsJSp7wcv/y6C/e2KC3PoEWe3KiAVK8eh6H56Mfl+b4ok+3fHWOKr4X/OkwubEDxIOiiZQVL+GVA==",
      "dev": true,
      "engines": {
        "node": ">=4"
      }
    },
    "node_modules/has-flag": {
      "version": "3.0.0",
      "resolved": "https://registry.npmjs.org/has-flag/-/has-flag-3.0.0.tgz",
      "integrity": "sha512-sKrqxLJEmdVSQargLVltPtMvn5eLNGxIajUTcK3DjLw40FPE6b2qFu2VGHUlSfXsgAnDXGJHJD3c2kEz6SggTQ==",
      "dev": true,
      "engines": {
        "node": ">=4"
      }
    },
    "node_modules/js-tokens": {
      "version": "4.0.0",
      "resolved": "https://registry.npmjs.org/js-tokens/-/js-tokens-4.0.0.tgz",
      "integrity": "sha512-RdJUflcE3cUzKiMqQgsCu06FPu9UdIJO0beYbPhHN4k6apgJtifcoCtT9bcxOpYBtpD2kCM6Sbzg4CausW/PKQ=="
    },
    "node_modules/jsesc": {
      "version": "2.5.2",
      "resolved": "https://registry.npmjs.org/jsesc/-/jsesc-2.5.2.tgz",
      "integrity": "sha512-OYu7XEzjkCQ3C5Ps3QIZsQfNpqoJyZZA99wd9aWd05NCtC5pWLeUXBqFr8pl/1NE2hTWHoTC3bA5pVIgHdJI2A==",
      "dev": true,
      "bin": {
        "jsesc": "bin/jsesc"
      },
      "engines": {
        "node": ">=4"
      }
    },
    "node_modules/json5": {
      "version": "2.2.3",
      "resolved": "https://registry.npmjs.org/json5/-/json5-2.2.3.tgz",
      "integrity": "sha512-XmOWe7eyHYH14cLdvaóssoi6xpending/TCDAonBNInLEnt+5uJyrWylwyiAJuCuhXgScEXQCJzPEbzGQL8wv9FEg==",
      "dev": true,
      "bin": {
        "json5": "lib/cli.js"
      },
      "engines": {
        "node": ">=6"
      }
    },
    "node_modules/lightningcss": {
      "version": "1.25.1",
      "resolved": "https://registry.npmjs.org/lightningcss/-/lightningcss-1.25.1.tgz",
      "integrity": "sha512-Q/pTR3sI+8PqYICK639IAR7a+2dF33V0sTAQnZ/B5c2yO5g/8Xl/+Q3u+tAzIjqZ2t1nApkLpEr2bH6rSqQ+9A==",
      "dev": true,
      "hasInstallScript": true,
      "optionalDependencies": {
        "lightningcss-darwin-arm64": "1.25.1",
        "lightningcss-darwin-x64": "1.25.1",
        "lightningcss-linux-arm-gnueabihf": "1.25.1",
        "lightningcss-linux-arm64-gnu": "1.25.1",
        "lightningcss-linux-arm64-musl": "1.25.1",
        "lightningcss-linux-x64-gnu": "1.25.1",
        "lightningcss-linux-x64-musl": "1.25.1",
        "lightningcss-win32-arm64-msvc": "1.25.1",
        "lightningcss-win32-ia32-msvc": "1.25.1",
        "lightningcss-win32-x64-msvc": "1.25.1"
      }
    },
    "node_modules/lightningcss-darwin-arm64": {
      "version": "1.25.1",
      "resolved": "https://registry.npmjs.org/lightningcss-darwin-arm64/-/lightningcss-darwin-arm64-1.25.1.tgz",
      "integrity": "sha512-y6rL29yVq0WvV/g8Y3Q8f1Qp5uPQLJxq/GOMTjIq2G2mS9J2T3k20K+N7tl518FxFf4a7D05xS01U/f4oXWq9Q==",
      "cpu": [
        "arm64"
      ],
      "dev": true,
      "optional": true,
      "os": [
        "darwin"
      ]
    },
    "node_modules/lightningcss-darwin-x64": {
      "version": "1.25.1",
      "resolved": "https://registry.npmjs.org/lightningcss-darwin-x64/-/lightningcss-darwin-x64-1.25.1.tgz",
      "integrity": "sha512-Y3UAp5B8g4w1K9O6nPO/gXpL6CHt+Tpd1s2z5bcyAUtZ2uHk9Yv31xLra7s1vFb6t+BOCtVAdk3K3+6jUa40Sg==",
      "cpu": [
        "x64"
      ],
      "dev": true,
      "optional": true,
      "os": [
        "darwin"
      ]
    },
    "node_modules/lightningcss-linux-arm-gnueabihf": {
      "version": "1.25.1",
      "resolved": "https://registry.npmjs.org/lightningcss-linux-arm-gnueabihf/-/lightningcss-linux-arm-gnueabihf-1.25.1.tgz",
      "integrity": "sha512-zOQ25fQY5y9gQZEaPkuZ4hS5iP6sZ4+0u3t9f2X+e2J1Uqmzjd/p1t3F0rS+a5eJ5yTsrF960xJvF58XAw==",
      "cpu": [
        "arm"
      ],
      "dev": true,
      "optional": true,
      "os": [
        "linux"
      ]
    },
    "node_modules/lightningcss-linux-arm64-gnu": {
      "version": "1.25.1",
      "resolved": "https://registry.npmjs.org/lightningcss-linux-arm64-gnu/-/lightningcss-linux-arm64-gnu-1.25.1.tgz",
      "integrity": "sha512-rF+k8mDqC+iDO4y5yL7/aT1zTfK65X0Pqe2d/k+i+1yV00pcrpYj8D86+uI8/vWk0xR3mB5IuGk8i7u1rQ==",
      "cpu": [
        "arm64"
      ],
      "dev": true,
      "optional": true,
      "os": [
        "linux"
      ]
    },
    "node_modules/lightningcss-linux-arm64-musl": {
      "version": "1.25.1",
      "resolved": "https://registry.npmjs.org/lightningcss-linux-arm64-musl/-/lightningcss-linux-arm64-musl-1.25.1.tgz",
      "integrity": "sha512-B6U98dPAO25Qd3eW/tLuYqY/0i+rPzL1J1+UoYwMDF2scI++9kO/t4f3bKPm/d36G09o5W2gC6yJ5mJ2/qX0bQ==",
      "cpu": [
        "arm64"
      ],
      "dev": true,
      "optional": true,
      "os": [
        "linux"
      ]
    },
    "node_modules/lightningcss-linux-x64-gnu": {
      "version": "1.25.1",
      "resolved": "https://registry.npmjs.org/lightningcss-linux-x64-gnu/-/lightningcss-linux-x64-gnu-1.25.1.tgz",
      "integrity": "sha512-O72v8w/w4tQ6dIKp6k3tNLnkH/zW55K0xQx109qjI5yEC+jBvDLOVjFmCg5J/o4/1j0mEwK5q5n1R9qF9r4F8w==",
      "cpu": [
        "x64"
      ],
      "dev": true,
      "optional": true,
      "os": [
        "linux"
      ]
    },
    "node_modules/lightningcss-linux-x64-musl": {
      "version": "1.25.1",
      "resolved": "https://registry.npmjs.org/lightningcss-linux-x64-musl/-/lightningcss-linux-x64-musl-1.25.1.tgz",
      "integrity": "sha512-i5cK3x2t3a95Qx2u4v4j8lF3F2uI1bCe26iWpP1K1r2rQ30t83MHO+4F5p/F1PzGzXz9lYj3J3tV2iA/A==",
      "cpu": [
        "x64"
      ],
      "dev": true,
      "optional": true,
      "os": [
        "linux"
      ]
    },
    "node_modules/lightningcss-win32-arm64-msvc": {
      "version": "1.25.1",
      "resolved": "https://registry.npmjs.org/lightningcss-win32-arm64-msvc/-/lightningcss-win32-arm64-msvc-1.25.1.tgz",
      "integrity": "sha512-q/7bB85/t/4FhWwV4n+kSdfv/e3sN39/5t3oSCq3/Xb/K2JcHJK8rFqfCq+40wF9d9+HjG0tI72vNqS+P8pYDA==",
      "cpu": [
        "arm64"
      ],
      "dev": true,
      "optional": true,
      "os": [
        "win32"
      ]
    },
    "node_modules/lightningcss-win32-ia32-msvc": {
      "version": "1.25.1",
      "resolved": "https://registry.npmjs.org/lightningcss-win32-ia32-msvc/-/lightningcss-win32-ia32-msvc-1.25.1.tgz",
      "integrity": "sha512-z7yP1Qo/Iwm/i2k1jL1M2oundD0XUvLg4k/fT1wS4Zl3J+aKKL259Rk8uKxdn+5b/A4C1C4fMGlVv5VTC8r2bA==",
      "cpu": [
        "ia32"
      ],
      "dev": true,
      "optional": true,
      "os": [
        "win32"
      ]
    },
    "node_modules/lightningcss-win32-x64-msvc": {
      "version": "1.25.1",
      "resolved": "https://registry.npmjs.org/lightningcss-win32-x64-msvc/-/lightningcss-win32-x64-msvc-1.25.1.tgz",
      "integrity": "sha512-s/a9xQpDd/+Uv0cK24r0H/CAo3tTCaM/m2+2D0sMrY4MOb54JAnBwre4p/9aB6/cZjeD6F1JbU9Zp4p2Y51YUw==",
      "cpu": [
        "x64"
      ],
      "dev": true,
      "optional": true,
      "os": [
        "win32"
      ]
    },
    "node_modules/loose-envify": {
      "version": "1.4.0",
      "resolved": "https://registry.npmjs.org/loose-envify/-/loose-envify-1.4.0.tgz",
      "integrity": "sha512-lyuxPGr/Wfhrlem2CL/UcnUc1zcqKA3a2eYWDmsK04xargMaklo8mtYitjuCunpartsiLR0rxrbfgDk6B8m3vQ==",
      "dependencies": {
        "js-tokens": "^3.0.0 || ^4.0.0"
      },
      "bin": {
        "loose-envify": "cli.js"
      }
    },
    "node_modules/ms": {
      "version": "2.1.2",
      "resolved": "https://registry.npmjs.org/ms/-/ms-2.1.2.tgz",
      "integrity": "sha512-sGkPx+VjMtmA6MX27oA4FBFELFCZZ4S4XqeGOXCv68tT+jb3vk/RyaKWP0PTKyWtmLSM0b+adUTEvbs1PEAxCg==",
      "dev": true
    },
    "node_modules/nanoid": {
      "version": "3.3.7",
      "resolved": "https://registry.npmjs.org/nanoid/-/nanoid-3.3.7.tgz",
      "integrity": "sha512-fYrEq3bpfsoihFUCo9bolK6cvZojUe9p4dg0/qT8eF7f5axFQorbcsUbItNIeUT8Od3KqQdGDg2ibCJSbHo6Eg==",
      "dev": true,
      "funding": [
        {
          "type": "github",
          "url": "https://github.com/sponsors/ai"
        }
      ],
      "bin": {
        "nanoid": "bin/nanoid.js"
      },
      "engines": {
        "node": "^10 || ^12 || ^13.7 || ^14 || >=15.0.1"
      }
    },
    "node_modules/node-releases": {
      "version": "2.0.14",
      "resolved": "https://registry.npmjs.org/node-releases/-/node-releases-2.0.14.tgz",
      "integrity": "sha512-yJNz8d3fWpC27BCSdsUDKNBPo7DUNTOEzP53vL9v3hfvKENhV37P4o0Jk4k9beZTWXv3/GgP74sWgTcN1d+z0g==",
      "dev": true
    },
    "node_modules/picocolors": {
      "version": "1.0.1",
      "resolved": "https://registry.npmjs.org/picocolors/-/picocolors-1.0.1.tgz",
      "integrity": "sha512-anQDJ+9+QhC33y29y7f4y+z6b8F/pf+1r3j0/YGYFHSk0I02/tmsiJ0Xy0tWdv80AZYNVYY/wJp+wA8n28A3Aw==",
      "dev": true
    },
    "node_modules/postcss": {
      "version": "8.4.38",
      "resolved": "https://registry.npmjs.org/postcss/-/postcss-8.4.38.tgz",
      "integrity": "sha512-WnHQ4grcyoPWGn8QR19SxYdPapf0g2b8szFrQf4vP5g6wxL8d4c39jADaVM2kSj5+tT3b2q/mM3JbF5bqj5zSg==",
      "dev": true,
      "funding": [
        {
          "type": "opencollective",
          "url": "https://opencollective.com/postcss/"
        },
        {
          "type": "tidelift",
          "url": "https://tidelift.com/funding/github/npm/postcss"
        },
        {
          "type": "github",
          "url": "https://github.com/sponsors/ai"
        }
      ],
      "dependencies": {
        "nanoid": "^3.3.7",
        "picocolors": "^1.0.0",
        "source-map-js": "^1.2.0"
      },
      "engines": {
        "node": "^10 || ^12 || >=14"
      }
    },
    "node_modules/react": {
      "version": "18.2.0",
      "resolved": "https://registry.npmjs.org/react/-/react-18.2.0.tgz",
      "integrity": "sha512-6P5JkyAXX7s/Ave5rURnVNMCuRCoS+3JpNZsDPlE2sA3T4fQffhP2dy2vJ2h5wWO2NBzgd4MtnOyVs3wAQHwBA==",
      "dependencies": {
        "loose-envify": "^1.1.0"
      },
      "engines": {
        "node": ">=0.10.0"
      }
    },
    "node_modules/react-dom": {
      "version": "18.2.0",
      "resolved": "https://registry.npmjs.org/react-dom/-/react-dom-18.2.0.tgz",
      "integrity": "sha512-6IMCIJJgVvs/P1sCgDSEK7JPfJ+485L5h8R0P1Gxt23K2i39AeP43Q52eUeI8s3vsK8ssJk1ex4D3o27Z2x4w==",
      "dependencies": {
        "loose-envify": "^1.1.0",
        "scheduler": "^0.23.0"
      },
      "peerDependencies": {
        "react": "^18.2.0"
      }
    },
    "node_modules/rollup": {
      "version": "4.17.2",
      "resolved": "https://registry.npmjs.org/rollup/-/rollup-4.17.2.tgz",
      "integrity": "sha512-42q8mNylBh0/m4IAK4Q2WqK89fW1d/xQj/sHYJbbhZFhhmNccr2HqfL3K37Xo4k+1g2cF33U99w3cmu8A3o/7g==",
      "dev": true,
      "bin": {
        "rollup": "dist/bin/rollup"
      },
      "engines": {
        "node": ">=18.0.0",
        "npm": ">=8.0.0"
      },
      "optionalDependencies": {
        "fsevents": "~2.3.2"
      }
    },
    "node_modules/scheduler": {
      "version": "0.23.0",
      "resolved": "https://registry.npmjs.org/scheduler/-/scheduler-0.23.0.tgz",
      "integrity": "sha512-CtuThmgVNg7zIZEREBHAYLrgmS/bZ3WEio/gf2T9jWYbL51nL3X0I+qI/QOt/HiL1PveC3z/p63h3D6105aYvQ==",
      "dependencies": {
        "loose-envify": "^1.1.0"
      }
    },
    "node_modules/semver": {
      "version": "6.3.1",
      "resolved": "https://registry.npmjs.org/semver/-/semver-6.3.1.tgz",
      "integrity": "sha512-BR7VvDCVHO+q2xBEWskxS6DJE1qRnb8DxzUrogb71CWoSficRumY2M8UYzU25FoFoU2ooeiOHV9SVH2faYSu0A==",
      "dev": true,
      "bin": {
        "semver": "bin/semver.js"
      }
    },
    "node_modules/source-map-js": {
      "version": "1.2.0",
      "resolved": "https://registry.npmjs.org/source-map-js/-/source-map-js-1.2.0.tgz",
      "integrity": "sha512-itJW8lvSA0BEpj32WeJtB2XvQ1TEg3i22ZwaFBCn2Wg9CgS5gnq6bPaIseZhp60dD0T/gQ24or29tGgQ/t2p+Q==",
      "dev": true,
      "engines": {
        "node": ">=0.10.0"
      }
    },
    "node_modules/supports-color": {
      "version": "5.5.0",
      "resolved": "https://registry.npmjs.org/supports-color/-/supports-color-5.5.0.tgz",
      "integrity": "sha512-QjVjwdXIt408MIiAqCX4oUKsgU2EqAGzs2Ppkm4aXv2gmMjvjeZTyped6vEeeGilvgaWF1z1G+aX066LCwtMcw==",
      "dev": true,
      "dependencies": {
        "has-flag": "^3.0.0"
      },
      "engines": {
        "node": ">=4"
      }
    },
    "node_modules/to-fast-properties": {
      "version": "2.0.0",
      "resolved": "https://registry.npmjs.org/to-fast-properties/-/to-fast-properties-2.0.0.tgz",
      "integrity": "sha512-adqP76jJADUossOIcw7z+MrWzaeNrnQMwvv+wal3I2pP+dJcKwktsT9Zjw4xKryyqrYw41aIBC3ovaMY+gDLAw==",
      "dev": true,
      "engines": {
        "node": ">=4"
      }
    },
    "node_modules/typescript": {
      "version": "5.4.5",
      "resolved": "https://registry.npmjs.org/typescript/-/typescript-5.4.5.tgz",
      "integrity": "sha512-kk9kybe2S4G022Ssh2L3Zu4otjjLY1dztM2A52V0b2LzMuP3Vj+Ye9be3aIOsPkrMFAK0E3CknF0Kj/baop/bQ==",
      "dev": true,
      "bin": {
        "tsc": "bin/tsc",
        "tsserver": "bin/tsserver"
      },
      "engines": {
        "node": ">=14.17"
      }
    },
    "node_modules/update-browserslist-db": {
      "version": "1.0.13",
      "resolved": "https://registry.npmjs.org/update-browserslist-db/-/update-browserslist-db-1.0.13.tgz",
      "integrity": "sha512-xebPjulUTFf2sL+pQo/NsnrV3HjDOb33a0z0b2b8l/1/a0wO22p2G09aEPaBaw73zLO7bBfWioa4GF5D8H2/wg==",
      "dev": true,
      "funding": [
        {
          "type": "opencollective",
          "url": "https://opencollective.com/browserslist"
        },
        {
          "type": "tidelift",
          "url": "https://tidelift.com/subscription/pkg/npm-update-browserslist-db"
        }
      ],
      "dependencies": {
        "picocolors": "^1.0.0"
      },
      "bin": {
        "update-browserslist-db": "cli.js"
      },
      "peerDependencies": {
        "browserslist": ">= 4.21.0"
      }
    },
    "node_modules/vite": {
      "version": "5.2.11",
      "resolved": "https://registry.npmjs.org/vite/-/vite-5.2.11.tgz",
      "integrity": "sha512-aIsxW2znQoei28P/GgA9Xb4RXq25sWaK8AU75a8P/gRCFoO2IZbCj3vKkMBNf2NOE2yXJbQpDxl8Ot253jwP6A==",
      "dev": true,
      "dependencies": {
        "es-module-lexer": "^1.5.2",
        "lightningcss": "^1.25.1",
        "picocolors": "^1.0.1",
        "postcss": "^8.4.38",
        "rollup": "^4.17.2"
      },
      "bin": {
        "vite": "bin/vite.js"
      },
      "engines": {
        "node": "^18.0.0 || >=20.0.0"
      },
      "funding": {
        "url": "https://github.com/sponsors/yyx990803"
      },
      "optionalDependencies": {
        "fsevents": "~2.3.3"
      },
      "peerDependencies": {
        "less": "*",
        "sass": "*",
        "stylus": "*",
        "sugarss": "*",
        "terser": "^5.4.0"
      },
      "peerDependenciesMeta": {
        "less": {
          "optional": true
        },
        "lightningcss": {
          "optional": true
        },
        "sass": {
          "optional": true
        },
        "stylus": {
          "optional": true
        },
        "sugarss": {
          "optional": true
        },
        "terser": {
          "optional": true
        }
      }
    }
  }
}
